
Microsoft Visual Studio Solution File, Format Version 12.00
# Visual Studio Version 16
VisualStudioVersion = 16.0.31515.178
MinimumVisualStudioVersion = 10.0.40219.1
Project("{8BC9CEB8-8B4A-11D0-8D11-00A0C91BC942}") = "WinBaseTest", "WinBaseTest\WinBaseTest.vcxproj", "{372E2662-5E17-4BA0-877B-31920AC499ED}"
EndProject
Global
	GlobalSection(SolutionConfigurationPlatforms) = preSolution
		Debug|x64 = Debug|x64
		Debug|x86 = Debug|x86
		Release|x64 = Release|x64
		Release|x86 = Release|x86
	EndGlobalSection
	GlobalSection(ProjectConfigurationPlatforms) = postSolution
		{372E2662-5E17-4BA0-877B-31920AC499ED}.Debug|x64.ActiveCfg = Debug|x64
		{372E2662-5E17-4BA0-877B-31920AC499ED}.Debug|x64.Build.0 = Debug|x64
		{372E2662-5E17-4BA0-877B-31920AC499ED}.Debug|x86.ActiveCfg = Debug|Win32
		{372E2662-5E17-4BA0-877B-31920AC499ED}.Debug|x86.Build.0 = Debug|Win32
		{372E2662-5E17-4BA0-877B-31920AC499ED}.Release|x64.ActiveCfg = Release|x64
		{372E2662-5E17-4BA0-877B-31920AC499ED}.Release|x64.Build.0 = Release|x64
		{372E2662-5E17-4BA0-877B-31920AC499ED}.Release|x86.ActiveCfg = Release|Win32
		{372E2662-5E17-4BA0-877B-31920AC499ED}.Release|x86.Build.0 = Release|Win32
	EndGlobalSection
	GlobalSection(SolutionProperties) = preSolution
		HideSolutionNode = FALSE
	EndGlobalSection
	GlobalSection(ExtensibilityGlobals) = postSolution
		SolutionGuid = {5C766EED-ED39-4639-8EE6-0D5312423239}
	EndGlobalSection
EndGlobal
